
Microsoft Visual Studio Solution File, Format Version 12.00
# Visual Studio 15
Project("{FAE04EC0-301F-11D3-BF4B-00C04F79EFBC}") = "Assembly-CSharp", "Assembly-CSharp.csproj", "{C891BC58-D305-BC26-EC49-6D71DB967030}"
EndProject
Project("{FAE04EC0-301F-11D3-BF4B-00C04F79EFBC}") = "Assembly-CSharp-Editor", "Assembly-CSharp-Editor.csproj", "{ED32014C-8A2E-678F-CA81-24CFFA5F8C98}"
EndProject
Global
	GlobalSection(SolutionConfigurationPlatforms) = preSolution
		Debug|Any CPU = Debug|Any CPU
		Release|Any CPU = Release|Any CPU
	EndGlobalSection
	GlobalSection(ProjectConfigurationPlatforms) = postSolution
		{C891BC58-D305-BC26-EC49-6D71DB967030}.Debug|Any CPU.ActiveCfg = Debug|Any CPU
		{C891BC58-D305-BC26-EC49-6D71DB967030}.Debug|Any CPU.Build.0 = Debug|Any CPU
		{C891BC58-D305-BC26-EC49-6D71DB967030}.Release|Any CPU.ActiveCfg = Release|Any CPU
		{C891BC58-D305-BC26-EC49-6D71DB967030}.Release|Any CPU.Build.0 = Release|Any CPU
		{ED32014C-8A2E-678F-CA81-24CFFA5F8C98}.Debug|Any CPU.ActiveCfg = Debug|Any CPU
		{ED32014C-8A2E-678F-CA81-24CFFA5F8C98}.Debug|Any CPU.Build.0 = Debug|Any CPU
		{ED32014C-8A2E-678F-CA81-24CFFA5F8C98}.Release|Any CPU.ActiveCfg = Release|Any CPU
		{ED32014C-8A2E-678F-CA81-24CFFA5F8C98}.Release|Any CPU.Build.0 = Release|Any CPU
	EndGlobalSection
	GlobalSection(SolutionProperties) = preSolution
		HideSolutionNode = FALSE
	EndGlobalSection
EndGlobal
